// !$*UTF8*$!
{
	archiveVersion = 1;
	classes = {
	};
	objectVersion = 46;
	objects = {

/* Begin PBXBuildFile section */
		7A5EEFB91DFD475200C42DF9 /* NetworkManager.swift in Sources */ = {isa = PBXBuildFile; fileRef = 7A5EEFB81DFD475200C42DF9 /* NetworkManager.swift */; };
		7ADD91F61E0652660014D9DC /* TripBudgetInputViewController.swift in Sources */ = {isa = PBXBuildFile; fileRef = 7ADD91F41E0652660014D9DC /* TripBudgetInputViewController.swift */; };
		7ADD91F71E0652660014D9DC /* TripProfileInputViewController.swift in Sources */ = {isa = PBXBuildFile; fileRef = 7ADD91F51E0652660014D9DC /* TripProfileInputViewController.swift */; };
		7C51E25A1DE9CBF70037DB1B /* AppDelegate.swift in Sources */ = {isa = PBXBuildFile; fileRef = 7C51E2591DE9CBF70037DB1B /* AppDelegate.swift */; };
		7C51E25F1DE9CBF80037DB1B /* Main.storyboard in Resources */ = {isa = PBXBuildFile; fileRef = 7C51E25D1DE9CBF80037DB1B /* Main.storyboard */; };
		7C51E2611DE9CBF80037DB1B /* Assets.xcassets in Resources */ = {isa = PBXBuildFile; fileRef = 7C51E2601DE9CBF80037DB1B /* Assets.xcassets */; };
		7C51E2641DE9CBF80037DB1B /* LaunchScreen.storyboard in Resources */ = {isa = PBXBuildFile; fileRef = 7C51E2621DE9CBF80037DB1B /* LaunchScreen.storyboard */; };
		7C51E26F1DE9CBF90037DB1B /* projectTripTests.swift in Sources */ = {isa = PBXBuildFile; fileRef = 7C51E26E1DE9CBF90037DB1B /* projectTripTests.swift */; };
		7C51E27A1DE9CBF90037DB1B /* projectTripUITests.swift in Sources */ = {isa = PBXBuildFile; fileRef = 7C51E2791DE9CBF90037DB1B /* projectTripUITests.swift */; };
		7CE6AD4B1DFC35E8002E72A7 /* libsqlite3.tbd in Frameworks */ = {isa = PBXBuildFile; fileRef = 7CE6AD4A1DFC35E8002E72A7 /* libsqlite3.tbd */; };
		7CE6AD591DFC3721002E72A7 /* FMDatabase.m in Sources */ = {isa = PBXBuildFile; fileRef = 7CE6AD501DFC3721002E72A7 /* FMDatabase.m */; };
		7CE6AD5A1DFC3721002E72A7 /* FMResultSet.m in Sources */ = {isa = PBXBuildFile; fileRef = 7CE6AD521DFC3721002E72A7 /* FMResultSet.m */; };
		7CE6AD5B1DFC3721002E72A7 /* FMDatabaseQueue.m in Sources */ = {isa = PBXBuildFile; fileRef = 7CE6AD541DFC3721002E72A7 /* FMDatabaseQueue.m */; };
		7CE6AD5C1DFC3721002E72A7 /* FMDatabaseAdditions.m in Sources */ = {isa = PBXBuildFile; fileRef = 7CE6AD561DFC3721002E72A7 /* FMDatabaseAdditions.m */; };
		7CE6AD5D1DFC3721002E72A7 /* FMDatabasePool.m in Sources */ = {isa = PBXBuildFile; fileRef = 7CE6AD581DFC3721002E72A7 /* FMDatabasePool.m */; };
		7CE6AD661DFC3B10002E72A7 /* DBManager.swift in Sources */ = {isa = PBXBuildFile; fileRef = 7CE6AD651DFC3B10002E72A7 /* DBManager.swift */; };
		7CE6AD691DFC5A7D002E72A7 /* tripDB.sqlite in Resources */ = {isa = PBXBuildFile; fileRef = 7CE6AD681DFC5A7D002E72A7 /* tripDB.sqlite */; };
		8C13FCED1DFD145F00D26D81 /* DetailInfoStoryboard.storyboard in Resources */ = {isa = PBXBuildFile; fileRef = 8C13FCEC1DFD145F00D26D81 /* DetailInfoStoryboard.storyboard */; };
		8C13FCF01DFD14C300D26D81 /* CategoryStoryboard.storyboard in Resources */ = {isa = PBXBuildFile; fileRef = 8C13FCEF1DFD14C300D26D81 /* CategoryStoryboard.storyboard */; };
		8C13FCF31DFD14E200D26D81 /* CountryStoryboard.storyboard in Resources */ = {isa = PBXBuildFile; fileRef = 8C13FCF21DFD14E200D26D81 /* CountryStoryboard.storyboard */; };
		8C13FCF61DFD150A00D26D81 /* DetailListStoryboard.storyboard in Resources */ = {isa = PBXBuildFile; fileRef = 8C13FCF51DFD150A00D26D81 /* DetailListStoryboard.storyboard */; };
		8C13FCF91DFD153000D26D81 /* BackupStoryboard.storyboard in Resources */ = {isa = PBXBuildFile; fileRef = 8C13FCF81DFD153000D26D81 /* BackupStoryboard.storyboard */; };
		8C13FCFC1DFD155100D26D81 /* ProfileStoryboard.storyboard in Resources */ = {isa = PBXBuildFile; fileRef = 8C13FCFB1DFD155100D26D81 /* ProfileStoryboard.storyboard */; };
		B601124B1E06290F0037A191 /* TripModalAnimator.swift in Sources */ = {isa = PBXBuildFile; fileRef = B601124A1E06290F0037A191 /* TripModalAnimator.swift */; };
		B601124E1E0652380037A191 /* TripCategorySettingViewController.swift in Sources */ = {isa = PBXBuildFile; fileRef = B601124D1E0652370037A191 /* TripCategorySettingViewController.swift */; };
		B6493FD81DF70F3B00121528 /* AppDatas.swift in Sources */ = {isa = PBXBuildFile; fileRef = B6493FD71DF70F3B00121528 /* AppDatas.swift */; };
		B6B4FA841DFCF30C00A83ABD /* TripListViewController.swift in Sources */ = {isa = PBXBuildFile; fileRef = B6B4FA831DFCF30C00A83ABD /* TripListViewController.swift */; };
		B6B4FA861DFCF31400A83ABD /* TripListSubMenuViewController.swift in Sources */ = {isa = PBXBuildFile; fileRef = B6B4FA851DFCF31400A83ABD /* TripListSubMenuViewController.swift */; };
		B6C4E8731DFD15C5003F8667 /* TripListSubTableViewCell.swift in Sources */ = {isa = PBXBuildFile; fileRef = B6C4E8721DFD15C5003F8667 /* TripListSubTableViewCell.swift */; };
		B6C4E8751DFD1D0A003F8667 /* TripTitleInputViewController.swift in Sources */ = {isa = PBXBuildFile; fileRef = B6C4E8741DFD1D0A003F8667 /* TripTitleInputViewController.swift */; };
		B6C4E8771DFD2931003F8667 /* TripListCollectionViewCell.swift in Sources */ = {isa = PBXBuildFile; fileRef = B6C4E8761DFD2931003F8667 /* TripListCollectionViewCell.swift */; };
		B6C4E8791DFD2B7C003F8667 /* TripGirdLayout.swift in Sources */ = {isa = PBXBuildFile; fileRef = B6C4E8781DFD2B7C003F8667 /* TripGirdLayout.swift */; };
/* End PBXBuildFile section */

/* Begin PBXContainerItemProxy section */
		7C51E26B1DE9CBF90037DB1B /* PBXContainerItemProxy */ = {
			isa = PBXContainerItemProxy;
			containerPortal = 7C51E24E1DE9CBF60037DB1B /* Project object */;
			proxyType = 1;
			remoteGlobalIDString = 7C51E2551DE9CBF60037DB1B;
			remoteInfo = projectTrip;
		};
		7C51E2761DE9CBF90037DB1B /* PBXContainerItemProxy */ = {
			isa = PBXContainerItemProxy;
			containerPortal = 7C51E24E1DE9CBF60037DB1B /* Project object */;
			proxyType = 1;
			remoteGlobalIDString = 7C51E2551DE9CBF60037DB1B;
			remoteInfo = projectTrip;
		};
/* End PBXContainerItemProxy section */

/* Begin PBXFileReference section */
		7A5EEFB81DFD475200C42DF9 /* NetworkManager.swift */ = {isa = PBXFileReference; fileEncoding = 4; lastKnownFileType = sourcecode.swift; path = NetworkManager.swift; sourceTree = "<group>"; };
		7ADD91F41E0652660014D9DC /* TripBudgetInputViewController.swift */ = {isa = PBXFileReference; fileEncoding = 4; lastKnownFileType = sourcecode.swift; path = TripBudgetInputViewController.swift; sourceTree = "<group>"; };
		7ADD91F51E0652660014D9DC /* TripProfileInputViewController.swift */ = {isa = PBXFileReference; fileEncoding = 4; lastKnownFileType = sourcecode.swift; path = TripProfileInputViewController.swift; sourceTree = "<group>"; };
		7C51E2561DE9CBF70037DB1B /* projectTrip.app */ = {isa = PBXFileReference; explicitFileType = wrapper.application; includeInIndex = 0; path = projectTrip.app; sourceTree = BUILT_PRODUCTS_DIR; };
		7C51E2591DE9CBF70037DB1B /* AppDelegate.swift */ = {isa = PBXFileReference; lastKnownFileType = sourcecode.swift; path = AppDelegate.swift; sourceTree = "<group>"; };
		7C51E25E1DE9CBF80037DB1B /* Base */ = {isa = PBXFileReference; lastKnownFileType = file.storyboard; name = Base; path = Base.lproj/Main.storyboard; sourceTree = "<group>"; };
		7C51E2601DE9CBF80037DB1B /* Assets.xcassets */ = {isa = PBXFileReference; lastKnownFileType = folder.assetcatalog; path = Assets.xcassets; sourceTree = "<group>"; };
		7C51E2631DE9CBF80037DB1B /* Base */ = {isa = PBXFileReference; lastKnownFileType = file.storyboard; name = Base; path = Base.lproj/LaunchScreen.storyboard; sourceTree = "<group>"; };
		7C51E2651DE9CBF80037DB1B /* Info.plist */ = {isa = PBXFileReference; lastKnownFileType = text.plist.xml; path = Info.plist; sourceTree = "<group>"; };
		7C51E26A1DE9CBF90037DB1B /* projectTripTests.xctest */ = {isa = PBXFileReference; explicitFileType = wrapper.cfbundle; includeInIndex = 0; path = projectTripTests.xctest; sourceTree = BUILT_PRODUCTS_DIR; };
		7C51E26E1DE9CBF90037DB1B /* projectTripTests.swift */ = {isa = PBXFileReference; lastKnownFileType = sourcecode.swift; path = projectTripTests.swift; sourceTree = "<group>"; };
		7C51E2701DE9CBF90037DB1B /* Info.plist */ = {isa = PBXFileReference; lastKnownFileType = text.plist.xml; path = Info.plist; sourceTree = "<group>"; };
		7C51E2751DE9CBF90037DB1B /* projectTripUITests.xctest */ = {isa = PBXFileReference; explicitFileType = wrapper.cfbundle; includeInIndex = 0; path = projectTripUITests.xctest; sourceTree = BUILT_PRODUCTS_DIR; };
		7C51E2791DE9CBF90037DB1B /* projectTripUITests.swift */ = {isa = PBXFileReference; lastKnownFileType = sourcecode.swift; path = projectTripUITests.swift; sourceTree = "<group>"; };
		7C51E27B1DE9CBF90037DB1B /* Info.plist */ = {isa = PBXFileReference; lastKnownFileType = text.plist.xml; path = Info.plist; sourceTree = "<group>"; };
		7CE6AD4A1DFC35E8002E72A7 /* libsqlite3.tbd */ = {isa = PBXFileReference; lastKnownFileType = "sourcecode.text-based-dylib-definition"; name = libsqlite3.tbd; path = usr/lib/libsqlite3.tbd; sourceTree = SDKROOT; };
		7CE6AD4E1DFC3721002E72A7 /* FMDB.h */ = {isa = PBXFileReference; fileEncoding = 4; lastKnownFileType = sourcecode.c.h; path = FMDB.h; sourceTree = "<group>"; };
		7CE6AD4F1DFC3721002E72A7 /* FMDatabase.h */ = {isa = PBXFileReference; fileEncoding = 4; lastKnownFileType = sourcecode.c.h; path = FMDatabase.h; sourceTree = "<group>"; };
		7CE6AD501DFC3721002E72A7 /* FMDatabase.m */ = {isa = PBXFileReference; fileEncoding = 4; lastKnownFileType = sourcecode.c.objc; path = FMDatabase.m; sourceTree = "<group>"; };
		7CE6AD511DFC3721002E72A7 /* FMResultSet.h */ = {isa = PBXFileReference; fileEncoding = 4; lastKnownFileType = sourcecode.c.h; path = FMResultSet.h; sourceTree = "<group>"; };
		7CE6AD521DFC3721002E72A7 /* FMResultSet.m */ = {isa = PBXFileReference; fileEncoding = 4; lastKnownFileType = sourcecode.c.objc; path = FMResultSet.m; sourceTree = "<group>"; };
		7CE6AD531DFC3721002E72A7 /* FMDatabaseQueue.h */ = {isa = PBXFileReference; fileEncoding = 4; lastKnownFileType = sourcecode.c.h; path = FMDatabaseQueue.h; sourceTree = "<group>"; };
		7CE6AD541DFC3721002E72A7 /* FMDatabaseQueue.m */ = {isa = PBXFileReference; fileEncoding = 4; lastKnownFileType = sourcecode.c.objc; path = FMDatabaseQueue.m; sourceTree = "<group>"; };
		7CE6AD551DFC3721002E72A7 /* FMDatabaseAdditions.h */ = {isa = PBXFileReference; fileEncoding = 4; lastKnownFileType = sourcecode.c.h; path = FMDatabaseAdditions.h; sourceTree = "<group>"; };
		7CE6AD561DFC3721002E72A7 /* FMDatabaseAdditions.m */ = {isa = PBXFileReference; fileEncoding = 4; lastKnownFileType = sourcecode.c.objc; path = FMDatabaseAdditions.m; sourceTree = "<group>"; };
		7CE6AD571DFC3721002E72A7 /* FMDatabasePool.h */ = {isa = PBXFileReference; fileEncoding = 4; lastKnownFileType = sourcecode.c.h; path = FMDatabasePool.h; sourceTree = "<group>"; };
		7CE6AD581DFC3721002E72A7 /* FMDatabasePool.m */ = {isa = PBXFileReference; fileEncoding = 4; lastKnownFileType = sourcecode.c.objc; path = FMDatabasePool.m; sourceTree = "<group>"; };
		7CE6AD651DFC3B10002E72A7 /* DBManager.swift */ = {isa = PBXFileReference; fileEncoding = 4; lastKnownFileType = sourcecode.swift; path = DBManager.swift; sourceTree = "<group>"; };
		7CE6AD671DFC3D07002E72A7 /* projectTrip-Bridging-Header.h */ = {isa = PBXFileReference; fileEncoding = 4; lastKnownFileType = sourcecode.c.h; path = "projectTrip-Bridging-Header.h"; sourceTree = "<group>"; };
		7CE6AD681DFC5A7D002E72A7 /* tripDB.sqlite */ = {isa = PBXFileReference; lastKnownFileType = file; path = tripDB.sqlite; sourceTree = "<group>"; };
		8C13FCEC1DFD145F00D26D81 /* DetailInfoStoryboard.storyboard */ = {isa = PBXFileReference; fileEncoding = 4; lastKnownFileType = file.storyboard; path = DetailInfoStoryboard.storyboard; sourceTree = "<group>"; };
		8C13FCEF1DFD14C300D26D81 /* CategoryStoryboard.storyboard */ = {isa = PBXFileReference; fileEncoding = 4; lastKnownFileType = file.storyboard; path = CategoryStoryboard.storyboard; sourceTree = "<group>"; };
		8C13FCF21DFD14E200D26D81 /* CountryStoryboard.storyboard */ = {isa = PBXFileReference; fileEncoding = 4; lastKnownFileType = file.storyboard; path = CountryStoryboard.storyboard; sourceTree = "<group>"; };
		8C13FCF51DFD150A00D26D81 /* DetailListStoryboard.storyboard */ = {isa = PBXFileReference; fileEncoding = 4; lastKnownFileType = file.storyboard; path = DetailListStoryboard.storyboard; sourceTree = "<group>"; };
		8C13FCF81DFD153000D26D81 /* BackupStoryboard.storyboard */ = {isa = PBXFileReference; fileEncoding = 4; lastKnownFileType = file.storyboard; path = BackupStoryboard.storyboard; sourceTree = "<group>"; };
		8C13FCFB1DFD155100D26D81 /* ProfileStoryboard.storyboard */ = {isa = PBXFileReference; fileEncoding = 4; lastKnownFileType = file.storyboard; path = ProfileStoryboard.storyboard; sourceTree = "<group>"; };
		B601124A1E06290F0037A191 /* TripModalAnimator.swift */ = {isa = PBXFileReference; fileEncoding = 4; lastKnownFileType = sourcecode.swift; path = TripModalAnimator.swift; sourceTree = "<group>"; };
		B601124D1E0652370037A191 /* TripCategorySettingViewController.swift */ = {isa = PBXFileReference; fileEncoding = 4; lastKnownFileType = sourcecode.swift; name = TripCategorySettingViewController.swift; path = CategoryStoryboard/TripCategorySettingViewController.swift; sourceTree = "<group>"; };
		B6493FD71DF70F3B00121528 /* AppDatas.swift */ = {isa = PBXFileReference; fileEncoding = 4; lastKnownFileType = sourcecode.swift; path = AppDatas.swift; sourceTree = "<group>"; };
		B6B4FA831DFCF30C00A83ABD /* TripListViewController.swift */ = {isa = PBXFileReference; fileEncoding = 4; lastKnownFileType = sourcecode.swift; path = TripListViewController.swift; sourceTree = "<group>"; };
		B6B4FA851DFCF31400A83ABD /* TripListSubMenuViewController.swift */ = {isa = PBXFileReference; fileEncoding = 4; lastKnownFileType = sourcecode.swift; path = TripListSubMenuViewController.swift; sourceTree = "<group>"; };
		B6C4E8721DFD15C5003F8667 /* TripListSubTableViewCell.swift */ = {isa = PBXFileReference; fileEncoding = 4; lastKnownFileType = sourcecode.swift; path = TripListSubTableViewCell.swift; sourceTree = "<group>"; };
		B6C4E8741DFD1D0A003F8667 /* TripTitleInputViewController.swift */ = {isa = PBXFileReference; fileEncoding = 4; lastKnownFileType = sourcecode.swift; path = TripTitleInputViewController.swift; sourceTree = "<group>"; };
		B6C4E8761DFD2931003F8667 /* TripListCollectionViewCell.swift */ = {isa = PBXFileReference; fileEncoding = 4; lastKnownFileType = sourcecode.swift; path = TripListCollectionViewCell.swift; sourceTree = "<group>"; };
		B6C4E8781DFD2B7C003F8667 /* TripGirdLayout.swift */ = {isa = PBXFileReference; fileEncoding = 4; lastKnownFileType = sourcecode.swift; path = TripGirdLayout.swift; sourceTree = "<group>"; };
/* End PBXFileReference section */

/* Begin PBXFrameworksBuildPhase section */
		7C51E2531DE9CBF60037DB1B /* Frameworks */ = {
			isa = PBXFrameworksBuildPhase;
			buildActionMask = 2147483647;
			files = (
				7CE6AD4B1DFC35E8002E72A7 /* libsqlite3.tbd in Frameworks */,
			);
			runOnlyForDeploymentPostprocessing = 0;
		};
		7C51E2671DE9CBF90037DB1B /* Frameworks */ = {
			isa = PBXFrameworksBuildPhase;
			buildActionMask = 2147483647;
			files = (
			);
			runOnlyForDeploymentPostprocessing = 0;
		};
		7C51E2721DE9CBF90037DB1B /* Frameworks */ = {
			isa = PBXFrameworksBuildPhase;
			buildActionMask = 2147483647;
			files = (
			);
			runOnlyForDeploymentPostprocessing = 0;
		};
/* End PBXFrameworksBuildPhase section */

/* Begin PBXGroup section */
		7A5EEFB71DFD474100C42DF9 /* NetworkManager */ = {
			isa = PBXGroup;
			children = (
				7A5EEFB81DFD475200C42DF9 /* NetworkManager.swift */,
			);
			name = NetworkManager;
			sourceTree = "<group>";
		};
		7C51E24D1DE9CBF60037DB1B = {
			isa = PBXGroup;
			children = (
				7C51E2581DE9CBF70037DB1B /* projectTrip */,
				7C51E26D1DE9CBF90037DB1B /* projectTripTests */,
				7C51E2781DE9CBF90037DB1B /* projectTripUITests */,
				7C51E2571DE9CBF70037DB1B /* Products */,
				7CE6AD491DFC35E7002E72A7 /* Frameworks */,
			);
			sourceTree = "<group>";
		};
		7C51E2571DE9CBF70037DB1B /* Products */ = {
			isa = PBXGroup;
			children = (
				7C51E2561DE9CBF70037DB1B /* projectTrip.app */,
				7C51E26A1DE9CBF90037DB1B /* projectTripTests.xctest */,
				7C51E2751DE9CBF90037DB1B /* projectTripUITests.xctest */,
			);
			name = Products;
			sourceTree = "<group>";
		};
		7C51E2581DE9CBF70037DB1B /* projectTrip */ = {
			isa = PBXGroup;
			children = (
				8C13FCFA1DFD155100D26D81 /* ProfileStoryboard */,
				8C13FCF71DFD153000D26D81 /* BackupStoryboard */,
				8C13FCF41DFD150A00D26D81 /* DetailListStoryboard */,
				8C13FCF11DFD14E200D26D81 /* CountryStoryboard */,
				8C13FCEE1DFD14C300D26D81 /* CategoryStoryboard */,
				8C13FCEB1DFD145F00D26D81 /* DetailRegisterStoryboard */,
				7C9D40291DFCEA310012CF23 /* MainStoryboard */,
				7CE6AD5E1DFC3784002E72A7 /* SuperClass */,
				7CE6AD4C1DFC36B2002E72A7 /* Library */,
				7C51E2591DE9CBF70037DB1B /* AppDelegate.swift */,
				B6493FD91DF70F4300121528 /* Datas */,
				7C51E2601DE9CBF80037DB1B /* Assets.xcassets */,
				7C51E2621DE9CBF80037DB1B /* LaunchScreen.storyboard */,
				7C51E2651DE9CBF80037DB1B /* Info.plist */,
				7CE6AD681DFC5A7D002E72A7 /* tripDB.sqlite */,
			);
			path = projectTrip;
			sourceTree = "<group>";
		};
		7C51E26D1DE9CBF90037DB1B /* projectTripTests */ = {
			isa = PBXGroup;
			children = (
				7C51E26E1DE9CBF90037DB1B /* projectTripTests.swift */,
				7C51E2701DE9CBF90037DB1B /* Info.plist */,
			);
			path = projectTripTests;
			sourceTree = "<group>";
		};
		7C51E2781DE9CBF90037DB1B /* projectTripUITests */ = {
			isa = PBXGroup;
			children = (
				7C51E2791DE9CBF90037DB1B /* projectTripUITests.swift */,
				7C51E27B1DE9CBF90037DB1B /* Info.plist */,
			);
			path = projectTripUITests;
			sourceTree = "<group>";
		};
		7C9D40291DFCEA310012CF23 /* MainStoryboard */ = {
			isa = PBXGroup;
			children = (
				B6B0CBA51E06577C000AB9D8 /* CategoryView */,
				B601124C1E062FF00037A191 /* SubClasses */,
				7C51E25D1DE9CBF80037DB1B /* Main.storyboard */,
				B6B4FA831DFCF30C00A83ABD /* TripListViewController.swift */,
				B6B4FA851DFCF31400A83ABD /* TripListSubMenuViewController.swift */,
				B6C4E8741DFD1D0A003F8667 /* TripTitleInputViewController.swift */,
			);
			name = MainStoryboard;
			sourceTree = "<group>";
		};
		7CE6AD491DFC35E7002E72A7 /* Frameworks */ = {
			isa = PBXGroup;
			children = (
				7CE6AD4A1DFC35E8002E72A7 /* libsqlite3.tbd */,
			);
			name = Frameworks;
			sourceTree = "<group>";
		};
		7CE6AD4C1DFC36B2002E72A7 /* Library */ = {
			isa = PBXGroup;
			children = (
				7CE6AD4D1DFC36E5002E72A7 /* FMDB */,
			);
			name = Library;
			sourceTree = "<group>";
		};
		7CE6AD4D1DFC36E5002E72A7 /* FMDB */ = {
			isa = PBXGroup;
			children = (
				7CE6AD671DFC3D07002E72A7 /* projectTrip-Bridging-Header.h */,
				7CE6AD4E1DFC3721002E72A7 /* FMDB.h */,
				7CE6AD4F1DFC3721002E72A7 /* FMDatabase.h */,
				7CE6AD501DFC3721002E72A7 /* FMDatabase.m */,
				7CE6AD511DFC3721002E72A7 /* FMResultSet.h */,
				7CE6AD521DFC3721002E72A7 /* FMResultSet.m */,
				7CE6AD531DFC3721002E72A7 /* FMDatabaseQueue.h */,
				7CE6AD541DFC3721002E72A7 /* FMDatabaseQueue.m */,
				7CE6AD551DFC3721002E72A7 /* FMDatabaseAdditions.h */,
				7CE6AD561DFC3721002E72A7 /* FMDatabaseAdditions.m */,
				7CE6AD571DFC3721002E72A7 /* FMDatabasePool.h */,
				7CE6AD581DFC3721002E72A7 /* FMDatabasePool.m */,
			);
			name = FMDB;
			sourceTree = "<group>";
		};
		7CE6AD5E1DFC3784002E72A7 /* SuperClass */ = {
			isa = PBXGroup;
			children = (
				7A5EEFB71DFD474100C42DF9 /* NetworkManager */,
				7CE6AD601DFC37C4002E72A7 /* TRDataManager */,
				7CE6AD5F1DFC37BC002E72A7 /* DBManager */,
			);
			name = SuperClass;
			sourceTree = "<group>";
		};
		7CE6AD5F1DFC37BC002E72A7 /* DBManager */ = {
			isa = PBXGroup;
			children = (
				7CE6AD651DFC3B10002E72A7 /* DBManager.swift */,
			);
			name = DBManager;
			sourceTree = "<group>";
		};
		7CE6AD601DFC37C4002E72A7 /* TRDataManager */ = {
			isa = PBXGroup;
			children = (
			);
			name = TRDataManager;
			sourceTree = "<group>";
		};
		8C13FCEB1DFD145F00D26D81 /* DetailRegisterStoryboard */ = {
			isa = PBXGroup;
			children = (
				8C13FCEC1DFD145F00D26D81 /* DetailInfoStoryboard.storyboard */,
			);
			path = DetailRegisterStoryboard;
			sourceTree = "<group>";
		};
		8C13FCEE1DFD14C300D26D81 /* CategoryStoryboard */ = {
			isa = PBXGroup;
			children = (
				8C13FCEF1DFD14C300D26D81 /* CategoryStoryboard.storyboard */,
			);
			path = CategoryStoryboard;
			sourceTree = "<group>";
		};
		8C13FCF11DFD14E200D26D81 /* CountryStoryboard */ = {
			isa = PBXGroup;
			children = (
				8C13FCF21DFD14E200D26D81 /* CountryStoryboard.storyboard */,
			);
			path = CountryStoryboard;
			sourceTree = "<group>";
		};
		8C13FCF41DFD150A00D26D81 /* DetailListStoryboard */ = {
			isa = PBXGroup;
			children = (
				8C13FCF51DFD150A00D26D81 /* DetailListStoryboard.storyboard */,
			);
			path = DetailListStoryboard;
			sourceTree = "<group>";
		};
		8C13FCF71DFD153000D26D81 /* BackupStoryboard */ = {
			isa = PBXGroup;
			children = (
				8C13FCF81DFD153000D26D81 /* BackupStoryboard.storyboard */,
			);
			path = BackupStoryboard;
			sourceTree = "<group>";
		};
		8C13FCFA1DFD155100D26D81 /* ProfileStoryboard */ = {
			isa = PBXGroup;
			children = (
				7ADD91F41E0652660014D9DC /* TripBudgetInputViewController.swift */,
				7ADD91F51E0652660014D9DC /* TripProfileInputViewController.swift */,
				8C13FCFB1DFD155100D26D81 /* ProfileStoryboard.storyboard */,
			);
			path = ProfileStoryboard;
			sourceTree = "<group>";
		};
		B601124C1E062FF00037A191 /* SubClasses */ = {
			isa = PBXGroup;
			children = (
				B6C4E8781DFD2B7C003F8667 /* TripGirdLayout.swift */,
				B601124A1E06290F0037A191 /* TripModalAnimator.swift */,
				B6C4E8721DFD15C5003F8667 /* TripListSubTableViewCell.swift */,
				B6C4E8761DFD2931003F8667 /* TripListCollectionViewCell.swift */,
			);
			name = SubClasses;
			sourceTree = "<group>";
		};
		B6493FD91DF70F4300121528 /* Datas */ = {
			isa = PBXGroup;
			children = (
				B6493FD71DF70F3B00121528 /* AppDatas.swift */,
			);
			name = Datas;
			sourceTree = "<group>";
		};
		B6B0CBA51E06577C000AB9D8 /* CategoryView */ = {
			isa = PBXGroup;
			children = (
				B601124D1E0652370037A191 /* TripCategorySettingViewController.swift */,
			);
			name = CategoryView;
			sourceTree = "<group>";
		};
/* End PBXGroup section */

/* Begin PBXNativeTarget section */
		7C51E2551DE9CBF60037DB1B /* projectTrip */ = {
			isa = PBXNativeTarget;
			buildConfigurationList = 7C51E27E1DE9CBF90037DB1B /* Build configuration list for PBXNativeTarget "projectTrip" */;
			buildPhases = (
				7C51E2521DE9CBF60037DB1B /* Sources */,
				7C51E2531DE9CBF60037DB1B /* Frameworks */,
				7C51E2541DE9CBF60037DB1B /* Resources */,
			);
			buildRules = (
			);
			dependencies = (
			);
			name = projectTrip;
			productName = projectTrip;
			productReference = 7C51E2561DE9CBF70037DB1B /* projectTrip.app */;
			productType = "com.apple.product-type.application";
		};
		7C51E2691DE9CBF90037DB1B /* projectTripTests */ = {
			isa = PBXNativeTarget;
			buildConfigurationList = 7C51E2811DE9CBF90037DB1B /* Build configuration list for PBXNativeTarget "projectTripTests" */;
			buildPhases = (
				7C51E2661DE9CBF90037DB1B /* Sources */,
				7C51E2671DE9CBF90037DB1B /* Frameworks */,
				7C51E2681DE9CBF90037DB1B /* Resources */,
			);
			buildRules = (
			);
			dependencies = (
				7C51E26C1DE9CBF90037DB1B /* PBXTargetDependency */,
			);
			name = projectTripTests;
			productName = projectTripTests;
			productReference = 7C51E26A1DE9CBF90037DB1B /* projectTripTests.xctest */;
			productType = "com.apple.product-type.bundle.unit-test";
		};
		7C51E2741DE9CBF90037DB1B /* projectTripUITests */ = {
			isa = PBXNativeTarget;
			buildConfigurationList = 7C51E2841DE9CBF90037DB1B /* Build configuration list for PBXNativeTarget "projectTripUITests" */;
			buildPhases = (
				7C51E2711DE9CBF90037DB1B /* Sources */,
				7C51E2721DE9CBF90037DB1B /* Frameworks */,
				7C51E2731DE9CBF90037DB1B /* Resources */,
			);
			buildRules = (
			);
			dependencies = (
				7C51E2771DE9CBF90037DB1B /* PBXTargetDependency */,
			);
			name = projectTripUITests;
			productName = projectTripUITests;
			productReference = 7C51E2751DE9CBF90037DB1B /* projectTripUITests.xctest */;
			productType = "com.apple.product-type.bundle.ui-testing";
		};
/* End PBXNativeTarget section */

/* Begin PBXProject section */
		7C51E24E1DE9CBF60037DB1B /* Project object */ = {
			isa = PBXProject;
			attributes = {
				LastSwiftUpdateCheck = 0810;
				LastUpgradeCheck = 0820;
				ORGANIZATIONNAME = SwiftTive;
				TargetAttributes = {
					7C51E2551DE9CBF60037DB1B = {
						CreatedOnToolsVersion = 8.1;
						DevelopmentTeam = K7A68F7T25;
						LastSwiftMigration = 0810;
						ProvisioningStyle = Manual;
					};
					7C51E2691DE9CBF90037DB1B = {
						CreatedOnToolsVersion = 8.1;
						ProvisioningStyle = Automatic;
						TestTargetID = 7C51E2551DE9CBF60037DB1B;
					};
					7C51E2741DE9CBF90037DB1B = {
						CreatedOnToolsVersion = 8.1;
						ProvisioningStyle = Automatic;
						TestTargetID = 7C51E2551DE9CBF60037DB1B;
					};
				};
			};
			buildConfigurationList = 7C51E2511DE9CBF60037DB1B /* Build configuration list for PBXProject "projectTrip" */;
			compatibilityVersion = "Xcode 3.2";
			developmentRegion = English;
			hasScannedForEncodings = 0;
			knownRegions = (
				en,
				Base,
			);
			mainGroup = 7C51E24D1DE9CBF60037DB1B;
			productRefGroup = 7C51E2571DE9CBF70037DB1B /* Products */;
			projectDirPath = "";
			projectRoot = "";
			targets = (
				7C51E2551DE9CBF60037DB1B /* projectTrip */,
				7C51E2691DE9CBF90037DB1B /* projectTripTests */,
				7C51E2741DE9CBF90037DB1B /* projectTripUITests */,
			);
		};
/* End PBXProject section */

/* Begin PBXResourcesBuildPhase section */
		7C51E2541DE9CBF60037DB1B /* Resources */ = {
			isa = PBXResourcesBuildPhase;
			buildActionMask = 2147483647;
			files = (
				7C51E2641DE9CBF80037DB1B /* LaunchScreen.storyboard in Resources */,
				8C13FCF01DFD14C300D26D81 /* CategoryStoryboard.storyboard in Resources */,
				7C51E2611DE9CBF80037DB1B /* Assets.xcassets in Resources */,
				8C13FCF61DFD150A00D26D81 /* DetailListStoryboard.storyboard in Resources */,
				7C51E25F1DE9CBF80037DB1B /* Main.storyboard in Resources */,
				8C13FCED1DFD145F00D26D81 /* DetailInfoStoryboard.storyboard in Resources */,
				8C13FCF31DFD14E200D26D81 /* CountryStoryboard.storyboard in Resources */,
				7CE6AD691DFC5A7D002E72A7 /* tripDB.sqlite in Resources */,
				8C13FCF91DFD153000D26D81 /* BackupStoryboard.storyboard in Resources */,
				8C13FCFC1DFD155100D26D81 /* ProfileStoryboard.storyboard in Resources */,
			);
			runOnlyForDeploymentPostprocessing = 0;
		};
		7C51E2681DE9CBF90037DB1B /* Resources */ = {
			isa = PBXResourcesBuildPhase;
			buildActionMask = 2147483647;
			files = (
			);
			runOnlyForDeploymentPostprocessing = 0;
		};
		7C51E2731DE9CBF90037DB1B /* Resources */ = {
			isa = PBXResourcesBuildPhase;
			buildActionMask = 2147483647;
			files = (
			);
			runOnlyForDeploymentPostprocessing = 0;
		};
/* End PBXResourcesBuildPhase section */

/* Begin PBXSourcesBuildPhase section */
		7C51E2521DE9CBF60037DB1B /* Sources */ = {
			isa = PBXSourcesBuildPhase;
			buildActionMask = 2147483647;
			files = (
				B6493FD81DF70F3B00121528 /* AppDatas.swift in Sources */,
				B6C4E8751DFD1D0A003F8667 /* TripTitleInputViewController.swift in Sources */,
				7ADD91F71E0652660014D9DC /* TripProfileInputViewController.swift in Sources */,
				B6C4E8791DFD2B7C003F8667 /* TripGirdLayout.swift in Sources */,
				7CE6AD5D1DFC3721002E72A7 /* FMDatabasePool.m in Sources */,
				7CE6AD591DFC3721002E72A7 /* FMDatabase.m in Sources */,
				B6B4FA841DFCF30C00A83ABD /* TripListViewController.swift in Sources */,
				7A5EEFB91DFD475200C42DF9 /* NetworkManager.swift in Sources */,
				7CE6AD5A1DFC3721002E72A7 /* FMResultSet.m in Sources */,
				B601124E1E0652380037A191 /* TripCategorySettingViewController.swift in Sources */,
				7C51E25A1DE9CBF70037DB1B /* AppDelegate.swift in Sources */,
				B601124B1E06290F0037A191 /* TripModalAnimator.swift in Sources */,
				B6B4FA861DFCF31400A83ABD /* TripListSubMenuViewController.swift in Sources */,
				7CE6AD5B1DFC3721002E72A7 /* FMDatabaseQueue.m in Sources */,
				B6C4E8771DFD2931003F8667 /* TripListCollectionViewCell.swift in Sources */,
				7CE6AD5C1DFC3721002E72A7 /* FMDatabaseAdditions.m in Sources */,
				B6C4E8731DFD15C5003F8667 /* TripListSubTableViewCell.swift in Sources */,
				7CE6AD661DFC3B10002E72A7 /* DBManager.swift in Sources */,
				7ADD91F61E0652660014D9DC /* TripBudgetInputViewController.swift in Sources */,
			);
			runOnlyForDeploymentPostprocessing = 0;
		};
		7C51E2661DE9CBF90037DB1B /* Sources */ = {
			isa = PBXSourcesBuildPhase;
			buildActionMask = 2147483647;
			files = (
				7C51E26F1DE9CBF90037DB1B /* projectTripTests.swift in Sources */,
			);
			runOnlyForDeploymentPostprocessing = 0;
		};
		7C51E2711DE9CBF90037DB1B /* Sources */ = {
			isa = PBXSourcesBuildPhase;
			buildActionMask = 2147483647;
			files = (
				7C51E27A1DE9CBF90037DB1B /* projectTripUITests.swift in Sources */,
			);
			runOnlyForDeploymentPostprocessing = 0;
		};
/* End PBXSourcesBuildPhase section */

/* Begin PBXTargetDependency section */
		7C51E26C1DE9CBF90037DB1B /* PBXTargetDependency */ = {
			isa = PBXTargetDependency;
			target = 7C51E2551DE9CBF60037DB1B /* projectTrip */;
			targetProxy = 7C51E26B1DE9CBF90037DB1B /* PBXContainerItemProxy */;
		};
		7C51E2771DE9CBF90037DB1B /* PBXTargetDependency */ = {
			isa = PBXTargetDependency;
			target = 7C51E2551DE9CBF60037DB1B /* projectTrip */;
			targetProxy = 7C51E2761DE9CBF90037DB1B /* PBXContainerItemProxy */;
		};
/* End PBXTargetDependency section */

/* Begin PBXVariantGroup section */
		7C51E25D1DE9CBF80037DB1B /* Main.storyboard */ = {
			isa = PBXVariantGroup;
			children = (
				7C51E25E1DE9CBF80037DB1B /* Base */,
			);
			name = Main.storyboard;
			sourceTree = "<group>";
		};
		7C51E2621DE9CBF80037DB1B /* LaunchScreen.storyboard */ = {
			isa = PBXVariantGroup;
			children = (
				7C51E2631DE9CBF80037DB1B /* Base */,
			);
			name = LaunchScreen.storyboard;
			sourceTree = "<group>";
		};
/* End PBXVariantGroup section */

/* Begin XCBuildConfiguration section */
		7C51E27C1DE9CBF90037DB1B /* Debug */ = {
			isa = XCBuildConfiguration;
			buildSettings = {
				ALWAYS_SEARCH_USER_PATHS = NO;
				CLANG_ANALYZER_NONNULL = YES;
				CLANG_CXX_LANGUAGE_STANDARD = "gnu++0x";
				CLANG_CXX_LIBRARY = "libc++";
				CLANG_ENABLE_MODULES = YES;
				CLANG_ENABLE_OBJC_ARC = YES;
				CLANG_WARN_BOOL_CONVERSION = YES;
				CLANG_WARN_CONSTANT_CONVERSION = YES;
				CLANG_WARN_DIRECT_OBJC_ISA_USAGE = YES_ERROR;
				CLANG_WARN_DOCUMENTATION_COMMENTS = YES;
				CLANG_WARN_EMPTY_BODY = YES;
				CLANG_WARN_ENUM_CONVERSION = YES;
				CLANG_WARN_INFINITE_RECURSION = YES;
				CLANG_WARN_INT_CONVERSION = YES;
				CLANG_WARN_OBJC_ROOT_CLASS = YES_ERROR;
				CLANG_WARN_SUSPICIOUS_MOVE = YES;
				CLANG_WARN_SUSPICIOUS_MOVES = YES;
				CLANG_WARN_UNREACHABLE_CODE = YES;
				CLANG_WARN__DUPLICATE_METHOD_MATCH = YES;
				"CODE_SIGN_IDENTITY[sdk=iphoneos*]" = "iPhone Developer";
				COPY_PHASE_STRIP = NO;
				DEBUG_INFORMATION_FORMAT = dwarf;
				ENABLE_STRICT_OBJC_MSGSEND = YES;
				ENABLE_TESTABILITY = YES;
				GCC_C_LANGUAGE_STANDARD = gnu99;
				GCC_DYNAMIC_NO_PIC = NO;
				GCC_NO_COMMON_BLOCKS = YES;
				GCC_OPTIMIZATION_LEVEL = 0;
				GCC_PREPROCESSOR_DEFINITIONS = (
					"DEBUG=1",
					"$(inherited)",
				);
				GCC_WARN_64_TO_32_BIT_CONVERSION = YES;
				GCC_WARN_ABOUT_RETURN_TYPE = YES_ERROR;
				GCC_WARN_UNDECLARED_SELECTOR = YES;
				GCC_WARN_UNINITIALIZED_AUTOS = YES_AGGRESSIVE;
				GCC_WARN_UNUSED_FUNCTION = YES;
				GCC_WARN_UNUSED_VARIABLE = YES;
				IPHONEOS_DEPLOYMENT_TARGET = 10.1;
				MTL_ENABLE_DEBUG_INFO = YES;
				ONLY_ACTIVE_ARCH = YES;
				SDKROOT = iphoneos;
				SWIFT_ACTIVE_COMPILATION_CONDITIONS = DEBUG;
				SWIFT_OPTIMIZATION_LEVEL = "-Onone";
			};
			name = Debug;
		};
		7C51E27D1DE9CBF90037DB1B /* Release */ = {
			isa = XCBuildConfiguration;
			buildSettings = {
				ALWAYS_SEARCH_USER_PATHS = NO;
				CLANG_ANALYZER_NONNULL = YES;
				CLANG_CXX_LANGUAGE_STANDARD = "gnu++0x";
				CLANG_CXX_LIBRARY = "libc++";
				CLANG_ENABLE_MODULES = YES;
				CLANG_ENABLE_OBJC_ARC = YES;
				CLANG_WARN_BOOL_CONVERSION = YES;
				CLANG_WARN_CONSTANT_CONVERSION = YES;
				CLANG_WARN_DIRECT_OBJC_ISA_USAGE = YES_ERROR;
				CLANG_WARN_DOCUMENTATION_COMMENTS = YES;
				CLANG_WARN_EMPTY_BODY = YES;
				CLANG_WARN_ENUM_CONVERSION = YES;
				CLANG_WARN_INFINITE_RECURSION = YES;
				CLANG_WARN_INT_CONVERSION = YES;
				CLANG_WARN_OBJC_ROOT_CLASS = YES_ERROR;
				CLANG_WARN_SUSPICIOUS_MOVE = YES;
				CLANG_WARN_SUSPICIOUS_MOVES = YES;
				CLANG_WARN_UNREACHABLE_CODE = YES;
				CLANG_WARN__DUPLICATE_METHOD_MATCH = YES;
				"CODE_SIGN_IDENTITY[sdk=iphoneos*]" = "iPhone Developer";
				COPY_PHASE_STRIP = NO;
				DEBUG_INFORMATION_FORMAT = "dwarf-with-dsym";
				ENABLE_NS_ASSERTIONS = NO;
				ENABLE_STRICT_OBJC_MSGSEND = YES;
				GCC_C_LANGUAGE_STANDARD = gnu99;
				GCC_NO_COMMON_BLOCKS = YES;
				GCC_WARN_64_TO_32_BIT_CONVERSION = YES;
				GCC_WARN_ABOUT_RETURN_TYPE = YES_ERROR;
				GCC_WARN_UNDECLARED_SELECTOR = YES;
				GCC_WARN_UNINITIALIZED_AUTOS = YES_AGGRESSIVE;
				GCC_WARN_UNUSED_FUNCTION = YES;
				GCC_WARN_UNUSED_VARIABLE = YES;
				IPHONEOS_DEPLOYMENT_TARGET = 10.1;
				MTL_ENABLE_DEBUG_INFO = NO;
				SDKROOT = iphoneos;
				SWIFT_OPTIMIZATION_LEVEL = "-Owholemodule";
				VALIDATE_PRODUCT = YES;
			};
			name = Release;
		};
		7C51E27F1DE9CBF90037DB1B /* Debug */ = {
			isa = XCBuildConfiguration;
			buildSettings = {
				ASSETCATALOG_COMPILER_APPICON_NAME = AppIcon;
				CLANG_ENABLE_MODULES = YES;
				"CODE_SIGN_IDENTITY[sdk=iphoneos*]" = "iPhone Distribution";
				DEVELOPMENT_TEAM = K7A68F7T25;
				INFOPLIST_FILE = projectTrip/Info.plist;
				IPHONEOS_DEPLOYMENT_TARGET = 9.3;
				LD_RUNPATH_SEARCH_PATHS = "$(inherited) @executable_path/Frameworks";
				ONLY_ACTIVE_ARCH = NO;
				PRODUCT_BUNDLE_IDENTIFIER = swiftive.projectTrip;
				PRODUCT_NAME = "$(TARGET_NAME)";
				PROVISIONING_PROFILE = "47920dfc-0af7-4b4b-b986-0a5fa590b469";
				PROVISIONING_PROFILE_SPECIFIER = "XC: *";
				SWIFT_OBJC_BRIDGING_HEADER = "projectTrip/projectTrip-Bridging-Header.h";
				SWIFT_OPTIMIZATION_LEVEL = "-Onone";
				SWIFT_VERSION = 3.0;
			};
			name = Debug;
		};
		7C51E2801DE9CBF90037DB1B /* Release */ = {
			isa = XCBuildConfiguration;
			buildSettings = {
				ASSETCATALOG_COMPILER_APPICON_NAME = AppIcon;
				CLANG_ENABLE_MODULES = YES;
				"CODE_SIGN_IDENTITY[sdk=iphoneos*]" = "iPhone Distribution";
				DEVELOPMENT_TEAM = K7A68F7T25;
				INFOPLIST_FILE = projectTrip/Info.plist;
				IPHONEOS_DEPLOYMENT_TARGET = 9.3;
				LD_RUNPATH_SEARCH_PATHS = "$(inherited) @executable_path/Frameworks";
				ONLY_ACTIVE_ARCH = NO;
				PRODUCT_BUNDLE_IDENTIFIER = swiftive.projectTrip;
				PRODUCT_NAME = "$(TARGET_NAME)";
				PROVISIONING_PROFILE = "47920dfc-0af7-4b4b-b986-0a5fa590b469";
				PROVISIONING_PROFILE_SPECIFIER = "XC: *";
				SWIFT_OBJC_BRIDGING_HEADER = "projectTrip/projectTrip-Bridging-Header.h";
				SWIFT_VERSION = 3.0;
			};
			name = Release;
		};
		7C51E2821DE9CBF90037DB1B /* Debug */ = {
			isa = XCBuildConfiguration;
			buildSettings = {
				ALWAYS_EMBED_SWIFT_STANDARD_LIBRARIES = YES;
				BUNDLE_LOADER = "$(TEST_HOST)";
				INFOPLIST_FILE = projectTripTests/Info.plist;
				LD_RUNPATH_SEARCH_PATHS = "$(inherited) @executable_path/Frameworks @loader_path/Frameworks";
				PRODUCT_BUNDLE_IDENTIFIER = swiftive.projectTripTests;
				PRODUCT_NAME = "$(TARGET_NAME)";
				SWIFT_VERSION = 3.0;
				TEST_HOST = "$(BUILT_PRODUCTS_DIR)/projectTrip.app/projectTrip";
			};
			name = Debug;
		};
		7C51E2831DE9CBF90037DB1B /* Release */ = {
			isa = XCBuildConfiguration;
			buildSettings = {
				ALWAYS_EMBED_SWIFT_STANDARD_LIBRARIES = YES;
				BUNDLE_LOADER = "$(TEST_HOST)";
				INFOPLIST_FILE = projectTripTests/Info.plist;
				LD_RUNPATH_SEARCH_PATHS = "$(inherited) @executable_path/Frameworks @loader_path/Frameworks";
				PRODUCT_BUNDLE_IDENTIFIER = swiftive.projectTripTests;
				PRODUCT_NAME = "$(TARGET_NAME)";
				SWIFT_VERSION = 3.0;
				TEST_HOST = "$(BUILT_PRODUCTS_DIR)/projectTrip.app/projectTrip";
			};
			name = Release;
		};
		7C51E2851DE9CBF90037DB1B /* Debug */ = {
			isa = XCBuildConfiguration;
			buildSettings = {
				ALWAYS_EMBED_SWIFT_STANDARD_LIBRARIES = YES;
				INFOPLIST_FILE = projectTripUITests/Info.plist;
				LD_RUNPATH_SEARCH_PATHS = "$(inherited) @executable_path/Frameworks @loader_path/Frameworks";
				PRODUCT_BUNDLE_IDENTIFIER = swiftive.projectTripUITests;
				PRODUCT_NAME = "$(TARGET_NAME)";
				SWIFT_VERSION = 3.0;
				TEST_TARGET_NAME = projectTrip;
			};
			name = Debug;
		};
		7C51E2861DE9CBF90037DB1B /* Release */ = {
			isa = XCBuildConfiguration;
			buildSettings = {
				ALWAYS_EMBED_SWIFT_STANDARD_LIBRARIES = YES;
				INFOPLIST_FILE = projectTripUITests/Info.plist;
				LD_RUNPATH_SEARCH_PATHS = "$(inherited) @executable_path/Frameworks @loader_path/Frameworks";
				PRODUCT_BUNDLE_IDENTIFIER = swiftive.projectTripUITests;
				PRODUCT_NAME = "$(TARGET_NAME)";
				SWIFT_VERSION = 3.0;
				TEST_TARGET_NAME = projectTrip;
			};
			name = Release;
		};
/* End XCBuildConfiguration section */

/* Begin XCConfigurationList section */
		7C51E2511DE9CBF60037DB1B /* Build configuration list for PBXProject "projectTrip" */ = {
			isa = XCConfigurationList;
			buildConfigurations = (
				7C51E27C1DE9CBF90037DB1B /* Debug */,
				7C51E27D1DE9CBF90037DB1B /* Release */,
			);
			defaultConfigurationIsVisible = 0;
			defaultConfigurationName = Release;
		};
		7C51E27E1DE9CBF90037DB1B /* Build configuration list for PBXNativeTarget "projectTrip" */ = {
			isa = XCConfigurationList;
			buildConfigurations = (
				7C51E27F1DE9CBF90037DB1B /* Debug */,
				7C51E2801DE9CBF90037DB1B /* Release */,
			);
			defaultConfigurationIsVisible = 0;
			defaultConfigurationName = Release;
		};
		7C51E2811DE9CBF90037DB1B /* Build configuration list for PBXNativeTarget "projectTripTests" */ = {
			isa = XCConfigurationList;
			buildConfigurations = (
				7C51E2821DE9CBF90037DB1B /* Debug */,
				7C51E2831DE9CBF90037DB1B /* Release */,
			);
			defaultConfigurationIsVisible = 0;
			defaultConfigurationName = Release;
		};
		7C51E2841DE9CBF90037DB1B /* Build configuration list for PBXNativeTarget "projectTripUITests" */ = {
			isa = XCConfigurationList;
			buildConfigurations = (
				7C51E2851DE9CBF90037DB1B /* Debug */,
				7C51E2861DE9CBF90037DB1B /* Release */,
			);
			defaultConfigurationIsVisible = 0;
			defaultConfigurationName = Release;
		};
/* End XCConfigurationList section */
	};
	rootObject = 7C51E24E1DE9CBF60037DB1B /* Project object */;
}
